
Microsoft Visual Studio Solution File, Format Version 12.00
# Visual Studio Version 17
VisualStudioVersion = 17.5.33516.290
MinimumVisualStudioVersion = 10.0.40219.1
Project("{FAE04EC0-301F-11D3-BF4B-00C04F79EFBC}") = "request-response.Main", "request-response.Main\request-response.Main.csproj", "{B72B6198-8090-4C72-A9EC-7673DC94FC42}"
EndProject
Project("{FAE04EC0-301F-11D3-BF4B-00C04F79EFBC}") = "request-response.Test", "request-response.Test\request-response.Test.csproj", "{CA1A547E-8277-4B72-AD91-C9278D53DD90}"
EndProject
Global
	GlobalSection(SolutionConfigurationPlatforms) = preSolution
		Debug|Any CPU = Debug|Any CPU
		Release|Any CPU = Release|Any CPU
	EndGlobalSection
	GlobalSection(ProjectConfigurationPlatforms) = postSolution
		{B72B6198-8090-4C72-A9EC-7673DC94FC42}.Debug|Any CPU.ActiveCfg = Debug|Any CPU
		{B72B6198-8090-4C72-A9EC-7673DC94FC42}.Debug|Any CPU.Build.0 = Debug|Any CPU
		{B72B6198-8090-4C72-A9EC-7673DC94FC42}.Release|Any CPU.ActiveCfg = Release|Any CPU
		{B72B6198-8090-4C72-A9EC-7673DC94FC42}.Release|Any CPU.Build.0 = Release|Any CPU
		{CA1A547E-8277-4B72-AD91-C9278D53DD90}.Debug|Any CPU.ActiveCfg = Debug|Any CPU
		{CA1A547E-8277-4B72-AD91-C9278D53DD90}.Debug|Any CPU.Build.0 = Debug|Any CPU
		{CA1A547E-8277-4B72-AD91-C9278D53DD90}.Release|Any CPU.ActiveCfg = Release|Any CPU
		{CA1A547E-8277-4B72-AD91-C9278D53DD90}.Release|Any CPU.Build.0 = Release|Any CPU
	EndGlobalSection
	GlobalSection(SolutionProperties) = preSolution
		HideSolutionNode = FALSE
	EndGlobalSection
	GlobalSection(ExtensibilityGlobals) = postSolution
		SolutionGuid = {86B24415-A093-4462-8887-1C67A057006A}
	EndGlobalSection
EndGlobal
